
Microsoft Visual Studio Solution File, Format Version 12.00
Project("{FAE04EC0-301F-11D3-BF4B-00C04F79EFBC}") = "YaEngine", "YaEngine\YaEngine.csproj", "{AD2CD0E5-7264-492B-8404-4F93DC7E0B5B}"
EndProject
Project("{FAE04EC0-301F-11D3-BF4B-00C04F79EFBC}") = "YaEcs", "YaEcs\YaECS\YaEcs.csproj", "{0C5CB1BF-2E4B-43E3-A6F3-AE3FECC1DD19}"
EndProject
Project("{FAE04EC0-301F-11D3-BF4B-00C04F79EFBC}") = "MicrosoftDependencyInjectionExtensions", "YaEcs\MicrosoftDependencyInjectionExtensions\MicrosoftDependencyInjectionExtensions.csproj", "{018E2FDB-5BD6-4D51-803C-3AEEC9650BE2}"
EndProject
Project("{FAE04EC0-301F-11D3-BF4B-00C04F79EFBC}") = "Tests", "Tests\Tests.csproj", "{3814D756-5093-4DF5-B67A-6F17ADFEF455}"
EndProject
Global
	GlobalSection(SolutionConfigurationPlatforms) = preSolution
		Debug|Any CPU = Debug|Any CPU
		Release|Any CPU = Release|Any CPU
	EndGlobalSection
	GlobalSection(ProjectConfigurationPlatforms) = postSolution
		{AD2CD0E5-7264-492B-8404-4F93DC7E0B5B}.Debug|Any CPU.ActiveCfg = Debug|Any CPU
		{AD2CD0E5-7264-492B-8404-4F93DC7E0B5B}.Debug|Any CPU.Build.0 = Debug|Any CPU
		{AD2CD0E5-7264-492B-8404-4F93DC7E0B5B}.Release|Any CPU.ActiveCfg = Release|Any CPU
		{AD2CD0E5-7264-492B-8404-4F93DC7E0B5B}.Release|Any CPU.Build.0 = Release|Any CPU
		{0C5CB1BF-2E4B-43E3-A6F3-AE3FECC1DD19}.Debug|Any CPU.ActiveCfg = Debug|Any CPU
		{0C5CB1BF-2E4B-43E3-A6F3-AE3FECC1DD19}.Debug|Any CPU.Build.0 = Debug|Any CPU
		{0C5CB1BF-2E4B-43E3-A6F3-AE3FECC1DD19}.Release|Any CPU.ActiveCfg = Release|Any CPU
		{0C5CB1BF-2E4B-43E3-A6F3-AE3FECC1DD19}.Release|Any CPU.Build.0 = Release|Any CPU
		{018E2FDB-5BD6-4D51-803C-3AEEC9650BE2}.Debug|Any CPU.ActiveCfg = Debug|Any CPU
		{018E2FDB-5BD6-4D51-803C-3AEEC9650BE2}.Debug|Any CPU.Build.0 = Debug|Any CPU
		{018E2FDB-5BD6-4D51-803C-3AEEC9650BE2}.Release|Any CPU.ActiveCfg = Release|Any CPU
		{018E2FDB-5BD6-4D51-803C-3AEEC9650BE2}.Release|Any CPU.Build.0 = Release|Any CPU
		{3814D756-5093-4DF5-B67A-6F17ADFEF455}.Debug|Any CPU.ActiveCfg = Debug|Any CPU
		{3814D756-5093-4DF5-B67A-6F17ADFEF455}.Debug|Any CPU.Build.0 = Debug|Any CPU
		{3814D756-5093-4DF5-B67A-6F17ADFEF455}.Release|Any CPU.ActiveCfg = Release|Any CPU
		{3814D756-5093-4DF5-B67A-6F17ADFEF455}.Release|Any CPU.Build.0 = Release|Any CPU
	EndGlobalSection
EndGlobal
